
Microsoft Visual Studio Solution File, Format Version 12.00
# Visual Studio Version 17
VisualStudioVersion = 17.3.32819.101
MinimumVisualStudioVersion = 10.0.40219.1
Project("{8BC9CEB8-8B4A-11D0-8D11-00A0C91BC942}") = "Dotka3", "Dotka3\Dotka3.vcxproj", "{0C7FEC20-B9E4-445D-9017-03C84901869B}"
EndProject
Global
	GlobalSection(SolutionConfigurationPlatforms) = preSolution
		Debug|x64 = Debug|x64
		Debug|x86 = Debug|x86
		Release|x64 = Release|x64
		Release|x86 = Release|x86
	EndGlobalSection
	GlobalSection(ProjectConfigurationPlatforms) = postSolution
		{0C7FEC20-B9E4-445D-9017-03C84901869B}.Debug|x64.ActiveCfg = Debug|x64
		{0C7FEC20-B9E4-445D-9017-03C84901869B}.Debug|x64.Build.0 = Debug|x64
		{0C7FEC20-B9E4-445D-9017-03C84901869B}.Debug|x86.ActiveCfg = Debug|Win32
		{0C7FEC20-B9E4-445D-9017-03C84901869B}.Debug|x86.Build.0 = Debug|Win32
		{0C7FEC20-B9E4-445D-9017-03C84901869B}.Release|x64.ActiveCfg = Release|x64
		{0C7FEC20-B9E4-445D-9017-03C84901869B}.Release|x64.Build.0 = Release|x64
		{0C7FEC20-B9E4-445D-9017-03C84901869B}.Release|x86.ActiveCfg = Release|Win32
		{0C7FEC20-B9E4-445D-9017-03C84901869B}.Release|x86.Build.0 = Release|Win32
	EndGlobalSection
	GlobalSection(SolutionProperties) = preSolution
		HideSolutionNode = FALSE
	EndGlobalSection
	GlobalSection(ExtensibilityGlobals) = postSolution
		SolutionGuid = {90A462DC-024E-4907-BF93-F13CBD7CD9C6}
	EndGlobalSection
EndGlobal
